{
  "name": "assemblyscript-prettier",
  "version": "0.0.0",
  "lockfileVersion": 3,
  "requires": true,
  "packages": {
    "": {
      "name": "assemblyscript-prettier",
      "version": "0.0.0",
      "license": "MIT",
      "dependencies": {
        "warpo": "file:../../warpo"
      },
      "devDependencies": {},
      "peerDependencies": {
        "prettier": "^3.0.0"
      }
    },
    "../../warpo": {
      "version": "0.0.0",
      "license": "Apache-2.0",
      "dependencies": {
        "@assemblyscript/loader": "^0.28.9",
        "@vscode/debugadapter": "^1.68.0",
        "@vscode/debugprotocol": "^1.68.0",
        "chalk": "^5.6.2",
        "commander": "^14.0.3",
        "fs-extra": "^11.3.3",
        "glob": "^13.0.0",
        "ignore": "^7.0.5",
        "source-map": "^0.7.6",
        "wasmparser": "^5.11.1"
      },
      "bin": {
        "warpo": "dist/warpo.js"
      },
      "devDependencies": {
        "@eslint/js": "^9.0.0",
        "@types/fs-extra": "^11.0.4",
        "@types/node": "^22.15.21",
        "@types/vscode": "^1.80.0",
        "@vscode/debugadapter-testsupport": "^1.65.0",
        "@vscode/vsce": "^3.0.0",
        "assemblyscript": "^0.28.9",
        "assemblyscript-prettier": "^3.0.4",
        "cross-env": "^10.1.0",
        "cspell": "^9.3.0",
        "diff": "^8.0.0",
        "eslint": "^9.0.0",
        "eslint-import-resolver-typescript": "^4.4.4",
        "eslint-plugin-import": "^2.32.0",
        "eslint-plugin-n": "^17.23.2",
        "eslint-plugin-promise": "^7.2.1",
        "eslint-plugin-sonarjs": "^4.0.0",
        "eslint-plugin-unicorn": "^63.0.0",
        "eslint-plugin-unused-imports": "^4.4.1",
        "expect": "^30.2.0",
        "mermaid": "^11.13.0",
        "prettier": "^3.8.1",
        "tsx": "^4.0.0",
        "typescript": "^5.8.3",
        "typescript-eslint": "^8.55.0",
        "vitepress": "^2.0.0-alpha.15"
      }
    },
    "node_modules/prettier": {
      "version": "3.8.1",
      "resolved": "https://registry.npmjs.org/prettier/-/prettier-3.8.1.tgz",
      "integrity": "sha512-UOnG6LftzbdaHZcKoPFtOcCKztrQ57WkHDeRD9t/PTQtmT0NHSeWWepj6pS0z/N7+08BHFDQVUrfmfMRcZwbMg==",
      "license": "MIT",
      "peer": true,
      "bin": {
        "prettier": "bin/prettier.cjs"
      },
      "engines": {
        "node": ">=14"
      },
      "funding": {
        "url": "https://github.com/prettier/prettier?sponsor=1"
      }
    },
    "node_modules/warpo": {
      "resolved": "../../warpo",
      "link": true
    }
  }
}
